// !$*UTF8*$!
{
	archiveVersion = 1;
	classes = {
	};
	objectVersion = 54;
	objects = {

/* Begin PBXBuildFile section */
		00E356F31AD99517003FC87E /* TextNGTests.m in Sources */ = {isa = PBXBuildFile; fileRef = 00E356F21AD99517003FC87E /* TextNGTests.m */; };
		0BA291035AB6455E9A4296CA /* Montserrat-ExtraBold.ttf in Resources */ = {isa = PBXBuildFile; fileRef = ED7EEDDFA64546C3BD72B7E5 /* Montserrat-ExtraBold.ttf */; };
		13B07FBC1A68108700A75B9A /* AppDelegate.m in Sources */ = {isa = PBXBuildFile; fileRef = 13B07FB01A68108700A75B9A /* AppDelegate.m */; };
		13B07FBF1A68108700A75B9A /* Images.xcassets in Resources */ = {isa = PBXBuildFile; fileRef = 13B07FB51A68108700A75B9A /* Images.xcassets */; };
		13B07FC11A68108700A75B9A /* main.m in Sources */ = {isa = PBXBuildFile; fileRef = 13B07FB71A68108700A75B9A /* main.m */; };
		18B9A35528B624C600E4EF93 /* GoogleService-Info.plist in Resources */ = {isa = PBXBuildFile; fileRef = 18B9A35428B624C600E4EF93 /* GoogleService-Info.plist */; };
		239EF77F2861426F95DF9497 /* Poppins-SemiBoldItalic.ttf in Resources */ = {isa = PBXBuildFile; fileRef = 7EB58146F683426A942C9271 /* Poppins-SemiBoldItalic.ttf */; };
		241168A79973468F93F9B0A0 /* CenturyGothic-Bold.ttf in Resources */ = {isa = PBXBuildFile; fileRef = 34DDD9F0ED3F4CCE9AF5551E /* CenturyGothic-Bold.ttf */; };
		256BA4437FD741B0846C3567 /* Poppins-ExtraBold.ttf in Resources */ = {isa = PBXBuildFile; fileRef = 7B2BE706B577460EB32A48EB /* Poppins-ExtraBold.ttf */; };
		2612370B014B4C58B2B3B0C4 /* Montserrat-Medium.ttf in Resources */ = {isa = PBXBuildFile; fileRef = 0893A38BD80246B69A03E0C1 /* Montserrat-Medium.ttf */; };
		26BDED82889A4D3AA22E207E /* Gilroy-SemiBold.ttf in Resources */ = {isa = PBXBuildFile; fileRef = 2FFFFE5D0D944F3BBACE3E4B /* Gilroy-SemiBold.ttf */; };
		27236864456C4BC59DBBB58B /* Poppins-Light.ttf in Resources */ = {isa = PBXBuildFile; fileRef = DCA00178BFFC46598E330D61 /* Poppins-Light.ttf */; };
		2BB448627C704A5FAC35055C /* Poppins-LightItalic.ttf in Resources */ = {isa = PBXBuildFile; fileRef = 0F3CC37519C64FF7B6760021 /* Poppins-LightItalic.ttf */; };
		317B8D751909465EBBF41F72 /* Montserrat-SemiBold.ttf in Resources */ = {isa = PBXBuildFile; fileRef = 75F42FBDE33240A69C11BA16 /* Montserrat-SemiBold.ttf */; };
		34FC453E48184786BA3E7962 /* Montserrat-Light.ttf in Resources */ = {isa = PBXBuildFile; fileRef = A5A285BE9CB3499384E30B1C /* Montserrat-Light.ttf */; };
		398497AF23C1419FB501CE10 /* Poppins-BoldItalic.ttf in Resources */ = {isa = PBXBuildFile; fileRef = 6392174A864441C5B5280490 /* Poppins-BoldItalic.ttf */; };
		4A4C818036674AE09F014148 /* Poppins-SemiBold.ttf in Resources */ = {isa = PBXBuildFile; fileRef = 7C52AB563DBA46E5ABCCEFDB /* Poppins-SemiBold.ttf */; };
		522E7DC12876E4AD0049F36E /* File.swift in Sources */ = {isa = PBXBuildFile; fileRef = 522E7DC02876E4AD0049F36E /* File.swift */; };
		545D68719F9241229DF8BAE1 /* Gilroy-Medium.ttf in Resources */ = {isa = PBXBuildFile; fileRef = 4A6F996F117442DCA295F1E5 /* Gilroy-Medium.ttf */; };
		549BAA0D296F49E498691733 /* sofiapro-light.otf in Resources */ = {isa = PBXBuildFile; fileRef = 33DD6A0CC49D454D9B6CBF83 /* sofiapro-light.otf */; };
		5D886C37CABE46B6AE3C8502 /* Montserrat-ExtraLight.ttf in Resources */ = {isa = PBXBuildFile; fileRef = 84144BA35F644097966B0DBE /* Montserrat-ExtraLight.ttf */; };
		6C524827D47A46CEBC8ECA76 /* Poppins-Regular.ttf in Resources */ = {isa = PBXBuildFile; fileRef = 08EEAA46F95D49F5BCF64478 /* Poppins-Regular.ttf */; };
		75EEB3B16A7A4287B64B2D36 /* Montserrat-ThinItalic.ttf in Resources */ = {isa = PBXBuildFile; fileRef = 1708DD624FF24D8DB0F1610E /* Montserrat-ThinItalic.ttf */; };
		7D2B66FCC9DF47E3B4BB90F0 /* Gilroy-ExtraBold.ttf in Resources */ = {isa = PBXBuildFile; fileRef = 0B949F2531FF4342A42FB0E4 /* Gilroy-ExtraBold.ttf */; };
		85ADCDDAD9584217B334D391 /* Montserrat-MediumItalic.ttf in Resources */ = {isa = PBXBuildFile; fileRef = F204C0ECA78B4BEFB99BA9DD /* Montserrat-MediumItalic.ttf */; };
		8F7CCD723B6F456DBCCC6AD9 /* Gilroy-Bold.ttf in Resources */ = {isa = PBXBuildFile; fileRef = 1F02E778AB7C4EB084A2EA42 /* Gilroy-Bold.ttf */; };
		8FEA5BCF0B564F28B88F16D1 /* Gothic.ttf in Resources */ = {isa = PBXBuildFile; fileRef = 4993ED60039B40A58E0C9400 /* Gothic.ttf */; };
		90CC7B9CDF034A01AC5C462C /* Poppins-MediumItalic.ttf in Resources */ = {isa = PBXBuildFile; fileRef = C2666FF1A83646D99251E487 /* Poppins-MediumItalic.ttf */; };
		9147A0545F5E43BD9FF873C8 /* Montserrat-BoldItalic.ttf in Resources */ = {isa = PBXBuildFile; fileRef = FB69EEABA31F403794C98EA9 /* Montserrat-BoldItalic.ttf */; };
		946FCA0597BA4EBBA43E6E4A /* Poppins-Thin.ttf in Resources */ = {isa = PBXBuildFile; fileRef = DB17D24516004C11B060A666 /* Poppins-Thin.ttf */; };
		9471D82450E7470E957D76F7 /* Poppins-ExtraLight.ttf in Resources */ = {isa = PBXBuildFile; fileRef = 16E7A103C92C447B9A572E1C /* Poppins-ExtraLight.ttf */; };
		95FF15D3C3C349DBA8361816 /* Montserrat-ExtraBoldItalic.ttf in Resources */ = {isa = PBXBuildFile; fileRef = 24216302A9C14DB7B44C7C31 /* Montserrat-ExtraBoldItalic.ttf */; };
		99F9AE708CFB4149AD2C579A /* Montserrat-Thin.ttf in Resources */ = {isa = PBXBuildFile; fileRef = 55D5CBC0699143D998B993FF /* Montserrat-Thin.ttf */; };
		9A165A355EAE97EC56163B37 /* libPods-TextNG-TextNGTests.a in Frameworks */ = {isa = PBXBuildFile; fileRef = A8BD5E2C47A57213C14D4C37 /* libPods-TextNG-TextNGTests.a */; };
		A433B18B047C4627A611CCE9 /* Gilroy-Light.ttf in Resources */ = {isa = PBXBuildFile; fileRef = F93EE8F4473C4604A09FA94F /* Gilroy-Light.ttf */; };
		A6297FA9654E4C36ADF80171 /* Montserrat-Black.ttf in Resources */ = {isa = PBXBuildFile; fileRef = A27BFE34FF40403EAD01CBEE /* Montserrat-Black.ttf */; };
		AE881677E1524240866E61C1 /* Montserrat-BlackItalic.ttf in Resources */ = {isa = PBXBuildFile; fileRef = DF6B987E85FC4384B802E395 /* Montserrat-BlackItalic.ttf */; };
		BB64006AD4574FC79E8047B7 /* Montserrat-Regular.ttf in Resources */ = {isa = PBXBuildFile; fileRef = B4E3E5D4262C4CCAA2D7F4ED /* Montserrat-Regular.ttf */; };
		BEE24F46375D4284BEC1352E /* Poppins-Italic.ttf in Resources */ = {isa = PBXBuildFile; fileRef = D11CB73B7C9B42C5B5579405 /* Poppins-Italic.ttf */; };
		C47BB872361E4ABC9F36EF0C /* Poppins-BlackItalic.ttf in Resources */ = {isa = PBXBuildFile; fileRef = 67D64DAB046D45EFABEB805D /* Poppins-BlackItalic.ttf */; };
		CB790007565A2F7C128E84DB /* libPods-TextNG.a in Frameworks */ = {isa = PBXBuildFile; fileRef = 076D14AEDD1069FF992556E8 /* libPods-TextNG.a */; };
		CFF958BCBB7D4B22B11E2DEF /* Poppins-ExtraLightItalic.ttf in Resources */ = {isa = PBXBuildFile; fileRef = 74C469BF560848B48D8DF42C /* Poppins-ExtraLightItalic.ttf */; };
		D408CCA802F047CE9B699208 /* Montserrat-ExtraLightItalic.ttf in Resources */ = {isa = PBXBuildFile; fileRef = FB5820C47BD348B2844FC4EE /* Montserrat-ExtraLightItalic.ttf */; };
		D4664A1439714B31937D30D9 /* Poppins-Medium.ttf in Resources */ = {isa = PBXBuildFile; fileRef = 1EC128826AD44253A0C3FA7B /* Poppins-Medium.ttf */; };
		D5251A52E42A4FE48F8077A0 /* Poppins-Black.ttf in Resources */ = {isa = PBXBuildFile; fileRef = 13137D3397E64E4C8AF69387 /* Poppins-Black.ttf */; };
		D6CC4D1DD3AF45A8B0A9B1A5 /* Montserrat-Italic.ttf in Resources */ = {isa = PBXBuildFile; fileRef = CAB84362C299461CA292DEA9 /* Montserrat-Italic.ttf */; };
		DF981D4387634B709857B2CE /* Poppins-Bold.ttf in Resources */ = {isa = PBXBuildFile; fileRef = A14C2B97C3544FAD81A5000D /* Poppins-Bold.ttf */; };
		ECC8320D327246B7AB804561 /* Montserrat-LightItalic.ttf in Resources */ = {isa = PBXBuildFile; fileRef = 282900EAAA724D9780BEBAB5 /* Montserrat-LightItalic.ttf */; };
		ED13110C541A4AD8AAF03A28 /* Poppins-ThinItalic.ttf in Resources */ = {isa = PBXBuildFile; fileRef = B08D6F20C5214822A13D73D5 /* Poppins-ThinItalic.ttf */; };
		ED9ECF866B554282AD31CA35 /* Montserrat-SemiBoldItalic.ttf in Resources */ = {isa = PBXBuildFile; fileRef = B4BFCFE7B73548A3AB5E5562 /* Montserrat-SemiBoldItalic.ttf */; };
		F311E2CC1B1B471391078A5E /* Poppins-ExtraBoldItalic.ttf in Resources */ = {isa = PBXBuildFile; fileRef = B4ED2FF4FA3D4E34A7C7AC6D /* Poppins-ExtraBoldItalic.ttf */; };
		F42372BCC8AB47558D73EFEA /* Montserrat-Bold.ttf in Resources */ = {isa = PBXBuildFile; fileRef = E91E6B7413844D4491803C37 /* Montserrat-Bold.ttf */; };
		F49DFB6BE4D943D1B9D473BA /* Gilroy-Regular.ttf in Resources */ = {isa = PBXBuildFile; fileRef = C08132E6F9234875BEE6DC7B /* Gilroy-Regular.ttf */; };
		F877BB182E4A4AB6BA5354FE /* Century Gothic.ttf in Resources */ = {isa = PBXBuildFile; fileRef = E947800B43724F2698366E6F /* Century Gothic.ttf */; };
/* End PBXBuildFile section */

/* Begin PBXContainerItemProxy section */
		00E356F41AD99517003FC87E /* PBXContainerItemProxy */ = {
			isa = PBXContainerItemProxy;
			containerPortal = 83CBB9F71A601CBA00E9B192 /* Project object */;
			proxyType = 1;
			remoteGlobalIDString = 13B07F861A680F5B00A75B9A;
			remoteInfo = TextNG;
		};
/* End PBXContainerItemProxy section */

/* Begin PBXFileReference section */
		00E356EE1AD99517003FC87E /* TextNGTests.xctest */ = {isa = PBXFileReference; explicitFileType = wrapper.cfbundle; includeInIndex = 0; path = TextNGTests.xctest; sourceTree = BUILT_PRODUCTS_DIR; };
		00E356F11AD99517003FC87E /* Info.plist */ = {isa = PBXFileReference; lastKnownFileType = text.plist.xml; path = Info.plist; sourceTree = "<group>"; };
		00E356F21AD99517003FC87E /* TextNGTests.m */ = {isa = PBXFileReference; lastKnownFileType = sourcecode.c.objc; path = TextNGTests.m; sourceTree = "<group>"; };
		076D14AEDD1069FF992556E8 /* libPods-TextNG.a */ = {isa = PBXFileReference; explicitFileType = archive.ar; includeInIndex = 0; path = "libPods-TextNG.a"; sourceTree = BUILT_PRODUCTS_DIR; };
		0893A38BD80246B69A03E0C1 /* Montserrat-Medium.ttf */ = {isa = PBXFileReference; explicitFileType = undefined; fileEncoding = 9; includeInIndex = 0; lastKnownFileType = unknown; name = "Montserrat-Medium.ttf"; path = "../src/assets/fonts/Montserrat-Medium.ttf"; sourceTree = "<group>"; };
		08EEAA46F95D49F5BCF64478 /* Poppins-Regular.ttf */ = {isa = PBXFileReference; explicitFileType = undefined; fileEncoding = 9; includeInIndex = 0; lastKnownFileType = unknown; name = "Poppins-Regular.ttf"; path = "../src/assets/fonts/Poppins-Regular.ttf"; sourceTree = "<group>"; };
		0B949F2531FF4342A42FB0E4 /* Gilroy-ExtraBold.ttf */ = {isa = PBXFileReference; explicitFileType = undefined; fileEncoding = 9; includeInIndex = 0; lastKnownFileType = unknown; name = "Gilroy-ExtraBold.ttf"; path = "../src/assets/fonts/Gilroy-ExtraBold.ttf"; sourceTree = "<group>"; };
		0F3CC37519C64FF7B6760021 /* Poppins-LightItalic.ttf */ = {isa = PBXFileReference; explicitFileType = undefined; fileEncoding = 9; includeInIndex = 0; lastKnownFileType = unknown; name = "Poppins-LightItalic.ttf"; path = "../src/assets/fonts/Poppins-LightItalic.ttf"; sourceTree = "<group>"; };
		13137D3397E64E4C8AF69387 /* Poppins-Black.ttf */ = {isa = PBXFileReference; explicitFileType = undefined; fileEncoding = 9; includeInIndex = 0; lastKnownFileType = unknown; name = "Poppins-Black.ttf"; path = "../src/assets/fonts/Poppins-Black.ttf"; sourceTree = "<group>"; };
		13B07F961A680F5B00A75B9A /* TextNG.app */ = {isa = PBXFileReference; explicitFileType = wrapper.application; includeInIndex = 0; path = TextNG.app; sourceTree = BUILT_PRODUCTS_DIR; };
		13B07FAF1A68108700A75B9A /* AppDelegate.h */ = {isa = PBXFileReference; fileEncoding = 4; lastKnownFileType = sourcecode.c.h; name = AppDelegate.h; path = TextNG/AppDelegate.h; sourceTree = "<group>"; };
		13B07FB01A68108700A75B9A /* AppDelegate.m */ = {isa = PBXFileReference; fileEncoding = 4; lastKnownFileType = sourcecode.c.objc; name = AppDelegate.m; path = TextNG/AppDelegate.m; sourceTree = "<group>"; };
		13B07FB51A68108700A75B9A /* Images.xcassets */ = {isa = PBXFileReference; lastKnownFileType = folder.assetcatalog; name = Images.xcassets; path = TextNG/Images.xcassets; sourceTree = "<group>"; };
		13B07FB61A68108700A75B9A /* Info.plist */ = {isa = PBXFileReference; fileEncoding = 4; lastKnownFileType = text.plist.xml; name = Info.plist; path = TextNG/Info.plist; sourceTree = "<group>"; };
		13B07FB71A68108700A75B9A /* main.m */ = {isa = PBXFileReference; fileEncoding = 4; lastKnownFileType = sourcecode.c.objc; name = main.m; path = TextNG/main.m; sourceTree = "<group>"; };
		1516665F78243839F7F3DF4A /* Pods-TextNG-TextNGTests.release.xcconfig */ = {isa = PBXFileReference; includeInIndex = 1; lastKnownFileType = text.xcconfig; name = "Pods-TextNG-TextNGTests.release.xcconfig"; path = "Target Support Files/Pods-TextNG-TextNGTests/Pods-TextNG-TextNGTests.release.xcconfig"; sourceTree = "<group>"; };
		16E7A103C92C447B9A572E1C /* Poppins-ExtraLight.ttf */ = {isa = PBXFileReference; explicitFileType = undefined; fileEncoding = 9; includeInIndex = 0; lastKnownFileType = unknown; name = "Poppins-ExtraLight.ttf"; path = "../src/assets/fonts/Poppins-ExtraLight.ttf"; sourceTree = "<group>"; };
		1708DD624FF24D8DB0F1610E /* Montserrat-ThinItalic.ttf */ = {isa = PBXFileReference; explicitFileType = undefined; fileEncoding = 9; includeInIndex = 0; lastKnownFileType = unknown; name = "Montserrat-ThinItalic.ttf"; path = "../src/assets/fonts/Montserrat-ThinItalic.ttf"; sourceTree = "<group>"; };
		18B9A35428B624C600E4EF93 /* GoogleService-Info.plist */ = {isa = PBXFileReference; fileEncoding = 4; lastKnownFileType = text.plist.xml; path = "GoogleService-Info.plist"; sourceTree = "<group>"; };
		1EC128826AD44253A0C3FA7B /* Poppins-Medium.ttf */ = {isa = PBXFileReference; explicitFileType = undefined; fileEncoding = 9; includeInIndex = 0; lastKnownFileType = unknown; name = "Poppins-Medium.ttf"; path = "../src/assets/fonts/Poppins-Medium.ttf"; sourceTree = "<group>"; };
		1F02E778AB7C4EB084A2EA42 /* Gilroy-Bold.ttf */ = {isa = PBXFileReference; explicitFileType = undefined; fileEncoding = 9; includeInIndex = 0; lastKnownFileType = unknown; name = "Gilroy-Bold.ttf"; path = "../src/assets/fonts/Gilroy-Bold.ttf"; sourceTree = "<group>"; };
		2237CF79E23B83F3A11097DD /* Pods-TextNG-TextNGTests.debug.xcconfig */ = {isa = PBXFileReference; includeInIndex = 1; lastKnownFileType = text.xcconfig; name = "Pods-TextNG-TextNGTests.debug.xcconfig"; path = "Target Support Files/Pods-TextNG-TextNGTests/Pods-TextNG-TextNGTests.debug.xcconfig"; sourceTree = "<group>"; };
		24216302A9C14DB7B44C7C31 /* Montserrat-ExtraBoldItalic.ttf */ = {isa = PBXFileReference; explicitFileType = undefined; fileEncoding = 9; includeInIndex = 0; lastKnownFileType = unknown; name = "Montserrat-ExtraBoldItalic.ttf"; path = "../src/assets/fonts/Montserrat-ExtraBoldItalic.ttf"; sourceTree = "<group>"; };
		282900EAAA724D9780BEBAB5 /* Montserrat-LightItalic.ttf */ = {isa = PBXFileReference; explicitFileType = undefined; fileEncoding = 9; includeInIndex = 0; lastKnownFileType = unknown; name = "Montserrat-LightItalic.ttf"; path = "../src/assets/fonts/Montserrat-LightItalic.ttf"; sourceTree = "<group>"; };
		2FFFFE5D0D944F3BBACE3E4B /* Gilroy-SemiBold.ttf */ = {isa = PBXFileReference; explicitFileType = undefined; fileEncoding = 9; includeInIndex = 0; lastKnownFileType = unknown; name = "Gilroy-SemiBold.ttf"; path = "../src/assets/fonts/Gilroy-SemiBold.ttf"; sourceTree = "<group>"; };
		33DD6A0CC49D454D9B6CBF83 /* sofiapro-light.otf */ = {isa = PBXFileReference; explicitFileType = undefined; fileEncoding = 9; includeInIndex = 0; lastKnownFileType = unknown; name = "sofiapro-light.otf"; path = "../src/assets/fonts/sofiapro-light.otf"; sourceTree = "<group>"; };
		34DDD9F0ED3F4CCE9AF5551E /* CenturyGothic-Bold.ttf */ = {isa = PBXFileReference; explicitFileType = undefined; fileEncoding = 9; includeInIndex = 0; lastKnownFileType = unknown; name = "CenturyGothic-Bold.ttf"; path = "../src/assets/fonts/CenturyGothic-Bold.ttf"; sourceTree = "<group>"; };
		4993ED60039B40A58E0C9400 /* Gothic.ttf */ = {isa = PBXFileReference; explicitFileType = undefined; fileEncoding = 9; includeInIndex = 0; lastKnownFileType = unknown; name = Gothic.ttf; path = ../src/assets/fonts/Gothic.ttf; sourceTree = "<group>"; };
		4A6F996F117442DCA295F1E5 /* Gilroy-Medium.ttf */ = {isa = PBXFileReference; explicitFileType = undefined; fileEncoding = 9; includeInIndex = 0; lastKnownFileType = unknown; name = "Gilroy-Medium.ttf"; path = "../src/assets/fonts/Gilroy-Medium.ttf"; sourceTree = "<group>"; };
		522E7DBF2876E4AC0049F36E /* TextNG-Bridging-Header.h */ = {isa = PBXFileReference; lastKnownFileType = sourcecode.c.h; path = "TextNG-Bridging-Header.h"; sourceTree = "<group>"; };
		522E7DC02876E4AD0049F36E /* File.swift */ = {isa = PBXFileReference; lastKnownFileType = sourcecode.swift; path = File.swift; sourceTree = "<group>"; };
		5278AF9128A56F0D007582A6 /* TextNG.entitlements */ = {isa = PBXFileReference; lastKnownFileType = text.plist.entitlements; name = TextNG.entitlements; path = TextNG/TextNG.entitlements; sourceTree = "<group>"; };
		55D5CBC0699143D998B993FF /* Montserrat-Thin.ttf */ = {isa = PBXFileReference; explicitFileType = undefined; fileEncoding = 9; includeInIndex = 0; lastKnownFileType = unknown; name = "Montserrat-Thin.ttf"; path = "../src/assets/fonts/Montserrat-Thin.ttf"; sourceTree = "<group>"; };
		6392174A864441C5B5280490 /* Poppins-BoldItalic.ttf */ = {isa = PBXFileReference; explicitFileType = undefined; fileEncoding = 9; includeInIndex = 0; lastKnownFileType = unknown; name = "Poppins-BoldItalic.ttf"; path = "../src/assets/fonts/Poppins-BoldItalic.ttf"; sourceTree = "<group>"; };
		67D64DAB046D45EFABEB805D /* Poppins-BlackItalic.ttf */ = {isa = PBXFileReference; explicitFileType = undefined; fileEncoding = 9; includeInIndex = 0; lastKnownFileType = unknown; name = "Poppins-BlackItalic.ttf"; path = "../src/assets/fonts/Poppins-BlackItalic.ttf"; sourceTree = "<group>"; };
		6F1BCF8DCD1343183C0C1358 /* Pods-TextNG.debug.xcconfig */ = {isa = PBXFileReference; includeInIndex = 1; lastKnownFileType = text.xcconfig; name = "Pods-TextNG.debug.xcconfig"; path = "Target Support Files/Pods-TextNG/Pods-TextNG.debug.xcconfig"; sourceTree = "<group>"; };
		74C469BF560848B48D8DF42C /* Poppins-ExtraLightItalic.ttf */ = {isa = PBXFileReference; explicitFileType = undefined; fileEncoding = 9; includeInIndex = 0; lastKnownFileType = unknown; name = "Poppins-ExtraLightItalic.ttf"; path = "../src/assets/fonts/Poppins-ExtraLightItalic.ttf"; sourceTree = "<group>"; };
		75F42FBDE33240A69C11BA16 /* Montserrat-SemiBold.ttf */ = {isa = PBXFileReference; explicitFileType = undefined; fileEncoding = 9; includeInIndex = 0; lastKnownFileType = unknown; name = "Montserrat-SemiBold.ttf"; path = "../src/assets/fonts/Montserrat-SemiBold.ttf"; sourceTree = "<group>"; };
		7B2BE706B577460EB32A48EB /* Poppins-ExtraBold.ttf */ = {isa = PBXFileReference; explicitFileType = undefined; fileEncoding = 9; includeInIndex = 0; lastKnownFileType = unknown; name = "Poppins-ExtraBold.ttf"; path = "../src/assets/fonts/Poppins-ExtraBold.ttf"; sourceTree = "<group>"; };
		7C52AB563DBA46E5ABCCEFDB /* Poppins-SemiBold.ttf */ = {isa = PBXFileReference; explicitFileType = undefined; fileEncoding = 9; includeInIndex = 0; lastKnownFileType = unknown; name = "Poppins-SemiBold.ttf"; path = "../src/assets/fonts/Poppins-SemiBold.ttf"; sourceTree = "<group>"; };
		7EB58146F683426A942C9271 /* Poppins-SemiBoldItalic.ttf */ = {isa = PBXFileReference; explicitFileType = undefined; fileEncoding = 9; includeInIndex = 0; lastKnownFileType = unknown; name = "Poppins-SemiBoldItalic.ttf"; path = "../src/assets/fonts/Poppins-SemiBoldItalic.ttf"; sourceTree = "<group>"; };
		84144BA35F644097966B0DBE /* Montserrat-ExtraLight.ttf */ = {isa = PBXFileReference; explicitFileType = undefined; fileEncoding = 9; includeInIndex = 0; lastKnownFileType = unknown; name = "Montserrat-ExtraLight.ttf"; path = "../src/assets/fonts/Montserrat-ExtraLight.ttf"; sourceTree = "<group>"; };
		9DF6FFD1F5C4D870B9107FBB /* Pods-TextNG.release.xcconfig */ = {isa = PBXFileReference; includeInIndex = 1; lastKnownFileType = text.xcconfig; name = "Pods-TextNG.release.xcconfig"; path = "Target Support Files/Pods-TextNG/Pods-TextNG.release.xcconfig"; sourceTree = "<group>"; };
		A14C2B97C3544FAD81A5000D /* Poppins-Bold.ttf */ = {isa = PBXFileReference; explicitFileType = undefined; fileEncoding = 9; includeInIndex = 0; lastKnownFileType = unknown; name = "Poppins-Bold.ttf"; path = "../src/assets/fonts/Poppins-Bold.ttf"; sourceTree = "<group>"; };
		A27BFE34FF40403EAD01CBEE /* Montserrat-Black.ttf */ = {isa = PBXFileReference; explicitFileType = undefined; fileEncoding = 9; includeInIndex = 0; lastKnownFileType = unknown; name = "Montserrat-Black.ttf"; path = "../src/assets/fonts/Montserrat-Black.ttf"; sourceTree = "<group>"; };
		A5A285BE9CB3499384E30B1C /* Montserrat-Light.ttf */ = {isa = PBXFileReference; explicitFileType = undefined; fileEncoding = 9; includeInIndex = 0; lastKnownFileType = unknown; name = "Montserrat-Light.ttf"; path = "../src/assets/fonts/Montserrat-Light.ttf"; sourceTree = "<group>"; };
		A8BD5E2C47A57213C14D4C37 /* libPods-TextNG-TextNGTests.a */ = {isa = PBXFileReference; explicitFileType = archive.ar; includeInIndex = 0; path = "libPods-TextNG-TextNGTests.a"; sourceTree = BUILT_PRODUCTS_DIR; };
		B08D6F20C5214822A13D73D5 /* Poppins-ThinItalic.ttf */ = {isa = PBXFileReference; explicitFileType = undefined; fileEncoding = 9; includeInIndex = 0; lastKnownFileType = unknown; name = "Poppins-ThinItalic.ttf"; path = "../src/assets/fonts/Poppins-ThinItalic.ttf"; sourceTree = "<group>"; };
		B4BFCFE7B73548A3AB5E5562 /* Montserrat-SemiBoldItalic.ttf */ = {isa = PBXFileReference; explicitFileType = undefined; fileEncoding = 9; includeInIndex = 0; lastKnownFileType = unknown; name = "Montserrat-SemiBoldItalic.ttf"; path = "../src/assets/fonts/Montserrat-SemiBoldItalic.ttf"; sourceTree = "<group>"; };
		B4E3E5D4262C4CCAA2D7F4ED /* Montserrat-Regular.ttf */ = {isa = PBXFileReference; explicitFileType = undefined; fileEncoding = 9; includeInIndex = 0; lastKnownFileType = unknown; name = "Montserrat-Regular.ttf"; path = "../src/assets/fonts/Montserrat-Regular.ttf"; sourceTree = "<group>"; };
		B4ED2FF4FA3D4E34A7C7AC6D /* Poppins-ExtraBoldItalic.ttf */ = {isa = PBXFileReference; explicitFileType = undefined; fileEncoding = 9; includeInIndex = 0; lastKnownFileType = unknown; name = "Poppins-ExtraBoldItalic.ttf"; path = "../src/assets/fonts/Poppins-ExtraBoldItalic.ttf"; sourceTree = "<group>"; };
		C08132E6F9234875BEE6DC7B /* Gilroy-Regular.ttf */ = {isa = PBXFileReference; explicitFileType = undefined; fileEncoding = 9; includeInIndex = 0; lastKnownFileType = unknown; name = "Gilroy-Regular.ttf"; path = "../src/assets/fonts/Gilroy-Regular.ttf"; sourceTree = "<group>"; };
		C2666FF1A83646D99251E487 /* Poppins-MediumItalic.ttf */ = {isa = PBXFileReference; explicitFileType = undefined; fileEncoding = 9; includeInIndex = 0; lastKnownFileType = unknown; name = "Poppins-MediumItalic.ttf"; path = "../src/assets/fonts/Poppins-MediumItalic.ttf"; sourceTree = "<group>"; };
		CAB84362C299461CA292DEA9 /* Montserrat-Italic.ttf */ = {isa = PBXFileReference; explicitFileType = undefined; fileEncoding = 9; includeInIndex = 0; lastKnownFileType = unknown; name = "Montserrat-Italic.ttf"; path = "../src/assets/fonts/Montserrat-Italic.ttf"; sourceTree = "<group>"; };
		D11CB73B7C9B42C5B5579405 /* Poppins-Italic.ttf */ = {isa = PBXFileReference; explicitFileType = undefined; fileEncoding = 9; includeInIndex = 0; lastKnownFileType = unknown; name = "Poppins-Italic.ttf"; path = "../src/assets/fonts/Poppins-Italic.ttf"; sourceTree = "<group>"; };
		DB17D24516004C11B060A666 /* Poppins-Thin.ttf */ = {isa = PBXFileReference; explicitFileType = undefined; fileEncoding = 9; includeInIndex = 0; lastKnownFileType = unknown; name = "Poppins-Thin.ttf"; path = "../src/assets/fonts/Poppins-Thin.ttf"; sourceTree = "<group>"; };
		DCA00178BFFC46598E330D61 /* Poppins-Light.ttf */ = {isa = PBXFileReference; explicitFileType = undefined; fileEncoding = 9; includeInIndex = 0; lastKnownFileType = unknown; name = "Poppins-Light.ttf"; path = "../src/assets/fonts/Poppins-Light.ttf"; sourceTree = "<group>"; };
		DF6B987E85FC4384B802E395 /* Montserrat-BlackItalic.ttf */ = {isa = PBXFileReference; explicitFileType = undefined; fileEncoding = 9; includeInIndex = 0; lastKnownFileType = unknown; name = "Montserrat-BlackItalic.ttf"; path = "../src/assets/fonts/Montserrat-BlackItalic.ttf"; sourceTree = "<group>"; };
		E91E6B7413844D4491803C37 /* Montserrat-Bold.ttf */ = {isa = PBXFileReference; explicitFileType = undefined; fileEncoding = 9; includeInIndex = 0; lastKnownFileType = unknown; name = "Montserrat-Bold.ttf"; path = "../src/assets/fonts/Montserrat-Bold.ttf"; sourceTree = "<group>"; };
		E947800B43724F2698366E6F /* Century Gothic.ttf */ = {isa = PBXFileReference; explicitFileType = undefined; fileEncoding = 9; includeInIndex = 0; lastKnownFileType = unknown; name = "Century Gothic.ttf"; path = "../src/assets/fonts/Century Gothic.ttf"; sourceTree = "<group>"; };
		ED297162215061F000B7C4FE /* JavaScriptCore.framework */ = {isa = PBXFileReference; lastKnownFileType = wrapper.framework; name = JavaScriptCore.framework; path = System/Library/Frameworks/JavaScriptCore.framework; sourceTree = SDKROOT; };
		ED7EEDDFA64546C3BD72B7E5 /* Montserrat-ExtraBold.ttf */ = {isa = PBXFileReference; explicitFileType = undefined; fileEncoding = 9; includeInIndex = 0; lastKnownFileType = unknown; name = "Montserrat-ExtraBold.ttf"; path = "../src/assets/fonts/Montserrat-ExtraBold.ttf"; sourceTree = "<group>"; };
		F204C0ECA78B4BEFB99BA9DD /* Montserrat-MediumItalic.ttf */ = {isa = PBXFileReference; explicitFileType = undefined; fileEncoding = 9; includeInIndex = 0; lastKnownFileType = unknown; name = "Montserrat-MediumItalic.ttf"; path = "../src/assets/fonts/Montserrat-MediumItalic.ttf"; sourceTree = "<group>"; };
		F93EE8F4473C4604A09FA94F /* Gilroy-Light.ttf */ = {isa = PBXFileReference; explicitFileType = undefined; fileEncoding = 9; includeInIndex = 0; lastKnownFileType = unknown; name = "Gilroy-Light.ttf"; path = "../src/assets/fonts/Gilroy-Light.ttf"; sourceTree = "<group>"; };
		FB5820C47BD348B2844FC4EE /* Montserrat-ExtraLightItalic.ttf */ = {isa = PBXFileReference; explicitFileType = undefined; fileEncoding = 9; includeInIndex = 0; lastKnownFileType = unknown; name = "Montserrat-ExtraLightItalic.ttf"; path = "../src/assets/fonts/Montserrat-ExtraLightItalic.ttf"; sourceTree = "<group>"; };
		FB69EEABA31F403794C98EA9 /* Montserrat-BoldItalic.ttf */ = {isa = PBXFileReference; explicitFileType = undefined; fileEncoding = 9; includeInIndex = 0; lastKnownFileType = unknown; name = "Montserrat-BoldItalic.ttf"; path = "../src/assets/fonts/Montserrat-BoldItalic.ttf"; sourceTree = "<group>"; };
/* End PBXFileReference section */

/* Begin PBXFrameworksBuildPhase section */
		00E356EB1AD99517003FC87E /* Frameworks */ = {
			isa = PBXFrameworksBuildPhase;
			buildActionMask = 2147483647;
			files = (
				9A165A355EAE97EC56163B37 /* libPods-TextNG-TextNGTests.a in Frameworks */,
			);
			runOnlyForDeploymentPostprocessing = 0;
		};
		13B07F8C1A680F5B00A75B9A /* Frameworks */ = {
			isa = PBXFrameworksBuildPhase;
			buildActionMask = 2147483647;
			files = (
				CB790007565A2F7C128E84DB /* libPods-TextNG.a in Frameworks */,
			);
			runOnlyForDeploymentPostprocessing = 0;
		};
/* End PBXFrameworksBuildPhase section */

/* Begin PBXGroup section */
		00E356EF1AD99517003FC87E /* TextNGTests */ = {
			isa = PBXGroup;
			children = (
				00E356F21AD99517003FC87E /* TextNGTests.m */,
				00E356F01AD99517003FC87E /* Supporting Files */,
			);
			path = TextNGTests;
			sourceTree = "<group>";
		};
		00E356F01AD99517003FC87E /* Supporting Files */ = {
			isa = PBXGroup;
			children = (
				00E356F11AD99517003FC87E /* Info.plist */,
			);
			name = "Supporting Files";
			sourceTree = "<group>";
		};
		13B07FAE1A68108700A75B9A /* TextNG */ = {
			isa = PBXGroup;
			children = (
				18B9A35428B624C600E4EF93 /* GoogleService-Info.plist */,
				5278AF9128A56F0D007582A6 /* TextNG.entitlements */,
				13B07FAF1A68108700A75B9A /* AppDelegate.h */,
				13B07FB01A68108700A75B9A /* AppDelegate.m */,
				13B07FB51A68108700A75B9A /* Images.xcassets */,
				13B07FB61A68108700A75B9A /* Info.plist */,
				13B07FB71A68108700A75B9A /* main.m */,
				522E7DC02876E4AD0049F36E /* File.swift */,
				522E7DBF2876E4AC0049F36E /* TextNG-Bridging-Header.h */,
			);
			name = TextNG;
			sourceTree = "<group>";
		};
		2D16E6871FA4F8E400B85C8A /* Frameworks */ = {
			isa = PBXGroup;
			children = (
				ED297162215061F000B7C4FE /* JavaScriptCore.framework */,
				076D14AEDD1069FF992556E8 /* libPods-TextNG.a */,
				A8BD5E2C47A57213C14D4C37 /* libPods-TextNG-TextNGTests.a */,
			);
			name = Frameworks;
			sourceTree = "<group>";
		};
		4A60DEF3CC084C6095690E4A /* Resources */ = {
			isa = PBXGroup;
			children = (
				A27BFE34FF40403EAD01CBEE /* Montserrat-Black.ttf */,
				DF6B987E85FC4384B802E395 /* Montserrat-BlackItalic.ttf */,
				E91E6B7413844D4491803C37 /* Montserrat-Bold.ttf */,
				FB69EEABA31F403794C98EA9 /* Montserrat-BoldItalic.ttf */,
				ED7EEDDFA64546C3BD72B7E5 /* Montserrat-ExtraBold.ttf */,
				24216302A9C14DB7B44C7C31 /* Montserrat-ExtraBoldItalic.ttf */,
				84144BA35F644097966B0DBE /* Montserrat-ExtraLight.ttf */,
				FB5820C47BD348B2844FC4EE /* Montserrat-ExtraLightItalic.ttf */,
				CAB84362C299461CA292DEA9 /* Montserrat-Italic.ttf */,
				A5A285BE9CB3499384E30B1C /* Montserrat-Light.ttf */,
				282900EAAA724D9780BEBAB5 /* Montserrat-LightItalic.ttf */,
				0893A38BD80246B69A03E0C1 /* Montserrat-Medium.ttf */,
				F204C0ECA78B4BEFB99BA9DD /* Montserrat-MediumItalic.ttf */,
				B4E3E5D4262C4CCAA2D7F4ED /* Montserrat-Regular.ttf */,
				75F42FBDE33240A69C11BA16 /* Montserrat-SemiBold.ttf */,
				B4BFCFE7B73548A3AB5E5562 /* Montserrat-SemiBoldItalic.ttf */,
				55D5CBC0699143D998B993FF /* Montserrat-Thin.ttf */,
				1708DD624FF24D8DB0F1610E /* Montserrat-ThinItalic.ttf */,
				13137D3397E64E4C8AF69387 /* Poppins-Black.ttf */,
				67D64DAB046D45EFABEB805D /* Poppins-BlackItalic.ttf */,
				A14C2B97C3544FAD81A5000D /* Poppins-Bold.ttf */,
				6392174A864441C5B5280490 /* Poppins-BoldItalic.ttf */,
				7B2BE706B577460EB32A48EB /* Poppins-ExtraBold.ttf */,
				B4ED2FF4FA3D4E34A7C7AC6D /* Poppins-ExtraBoldItalic.ttf */,
				16E7A103C92C447B9A572E1C /* Poppins-ExtraLight.ttf */,
				74C469BF560848B48D8DF42C /* Poppins-ExtraLightItalic.ttf */,
				D11CB73B7C9B42C5B5579405 /* Poppins-Italic.ttf */,
				DCA00178BFFC46598E330D61 /* Poppins-Light.ttf */,
				0F3CC37519C64FF7B6760021 /* Poppins-LightItalic.ttf */,
				1EC128826AD44253A0C3FA7B /* Poppins-Medium.ttf */,
				C2666FF1A83646D99251E487 /* Poppins-MediumItalic.ttf */,
				08EEAA46F95D49F5BCF64478 /* Poppins-Regular.ttf */,
				7C52AB563DBA46E5ABCCEFDB /* Poppins-SemiBold.ttf */,
				7EB58146F683426A942C9271 /* Poppins-SemiBoldItalic.ttf */,
				DB17D24516004C11B060A666 /* Poppins-Thin.ttf */,
				B08D6F20C5214822A13D73D5 /* Poppins-ThinItalic.ttf */,
				33DD6A0CC49D454D9B6CBF83 /* sofiapro-light.otf */,
				4993ED60039B40A58E0C9400 /* Gothic.ttf */,
				E947800B43724F2698366E6F /* Century Gothic.ttf */,
				34DDD9F0ED3F4CCE9AF5551E /* CenturyGothic-Bold.ttf */,
				1F02E778AB7C4EB084A2EA42 /* Gilroy-Bold.ttf */,
				0B949F2531FF4342A42FB0E4 /* Gilroy-ExtraBold.ttf */,
				F93EE8F4473C4604A09FA94F /* Gilroy-Light.ttf */,
				4A6F996F117442DCA295F1E5 /* Gilroy-Medium.ttf */,
				C08132E6F9234875BEE6DC7B /* Gilroy-Regular.ttf */,
				2FFFFE5D0D944F3BBACE3E4B /* Gilroy-SemiBold.ttf */,
			);
			name = Resources;
			sourceTree = "<group>";
		};
		4DD312BFF9EF8450AFF24A05 /* Pods */ = {
			isa = PBXGroup;
			children = (
				6F1BCF8DCD1343183C0C1358 /* Pods-TextNG.debug.xcconfig */,
				9DF6FFD1F5C4D870B9107FBB /* Pods-TextNG.release.xcconfig */,
				2237CF79E23B83F3A11097DD /* Pods-TextNG-TextNGTests.debug.xcconfig */,
				1516665F78243839F7F3DF4A /* Pods-TextNG-TextNGTests.release.xcconfig */,
			);
			path = Pods;
			sourceTree = "<group>";
		};
		832341AE1AAA6A7D00B99B32 /* Libraries */ = {
			isa = PBXGroup;
			children = (
			);
			name = Libraries;
			sourceTree = "<group>";
		};
		83CBB9F61A601CBA00E9B192 = {
			isa = PBXGroup;
			children = (
				13B07FAE1A68108700A75B9A /* TextNG */,
				832341AE1AAA6A7D00B99B32 /* Libraries */,
				00E356EF1AD99517003FC87E /* TextNGTests */,
				83CBBA001A601CBA00E9B192 /* Products */,
				2D16E6871FA4F8E400B85C8A /* Frameworks */,
				4DD312BFF9EF8450AFF24A05 /* Pods */,
				4A60DEF3CC084C6095690E4A /* Resources */,
			);
			indentWidth = 2;
			sourceTree = "<group>";
			tabWidth = 2;
			usesTabs = 0;
		};
		83CBBA001A601CBA00E9B192 /* Products */ = {
			isa = PBXGroup;
			children = (
				13B07F961A680F5B00A75B9A /* TextNG.app */,
				00E356EE1AD99517003FC87E /* TextNGTests.xctest */,
			);
			name = Products;
			sourceTree = "<group>";
		};
/* End PBXGroup section */

/* Begin PBXNativeTarget section */
		00E356ED1AD99517003FC87E /* TextNGTests */ = {
			isa = PBXNativeTarget;
			buildConfigurationList = 00E357021AD99517003FC87E /* Build configuration list for PBXNativeTarget "TextNGTests" */;
			buildPhases = (
				A18EB452D65A6D3B399F9D63 /* [CP] Check Pods Manifest.lock */,
				00E356EA1AD99517003FC87E /* Sources */,
				00E356EB1AD99517003FC87E /* Frameworks */,
				00E356EC1AD99517003FC87E /* Resources */,
				EFF2755B74544C25F0880A27 /* [CP] Embed Pods Frameworks */,
				E966050A499C891ABDC408BE /* [CP] Copy Pods Resources */,
			);
			buildRules = (
			);
			dependencies = (
				00E356F51AD99517003FC87E /* PBXTargetDependency */,
			);
			name = TextNGTests;
			productName = TextNGTests;
			productReference = 00E356EE1AD99517003FC87E /* TextNGTests.xctest */;
			productType = "com.apple.product-type.bundle.unit-test";
		};
		13B07F861A680F5B00A75B9A /* TextNG */ = {
			isa = PBXNativeTarget;
			buildConfigurationList = 13B07F931A680F5B00A75B9A /* Build configuration list for PBXNativeTarget "TextNG" */;
			buildPhases = (
				30F7ED4338466F608DF10523 /* [CP] Check Pods Manifest.lock */,
				FD10A7F022414F080027D42C /* Start Packager */,
				13B07F871A680F5B00A75B9A /* Sources */,
				13B07F8C1A680F5B00A75B9A /* Frameworks */,
				13B07F8E1A680F5B00A75B9A /* Resources */,
				00DD1BFF1BD5951E006B06BC /* Bundle React Native code and images */,
				5C432558E7034FF4F0982688 /* [CP] Embed Pods Frameworks */,
				F6A5CD75EACAF72E5864F17C /* [CP] Copy Pods Resources */,
				4612777849CFD15AB6344D15 /* [CP-User] [RNFB] Core Configuration */,
			);
			buildRules = (
			);
			dependencies = (
			);
			name = TextNG;
			productName = TextNG;
			productReference = 13B07F961A680F5B00A75B9A /* TextNG.app */;
			productType = "com.apple.product-type.application";
		};
/* End PBXNativeTarget section */

/* Begin PBXProject section */
		83CBB9F71A601CBA00E9B192 /* Project object */ = {
			isa = PBXProject;
			attributes = {
				LastUpgradeCheck = 1210;
				TargetAttributes = {
					00E356ED1AD99517003FC87E = {
						CreatedOnToolsVersion = 6.2;
						TestTargetID = 13B07F861A680F5B00A75B9A;
					};
					13B07F861A680F5B00A75B9A = {
						LastSwiftMigration = 1320;
					};
				};
			};
			buildConfigurationList = 83CBB9FA1A601CBA00E9B192 /* Build configuration list for PBXProject "TextNG" */;
			compatibilityVersion = "Xcode 12.0";
			developmentRegion = en;
			hasScannedForEncodings = 0;
			knownRegions = (
				en,
				Base,
			);
			mainGroup = 83CBB9F61A601CBA00E9B192;
			productRefGroup = 83CBBA001A601CBA00E9B192 /* Products */;
			projectDirPath = "";
			projectRoot = "";
			targets = (
				13B07F861A680F5B00A75B9A /* TextNG */,
				00E356ED1AD99517003FC87E /* TextNGTests */,
			);
		};
/* End PBXProject section */

/* Begin PBXResourcesBuildPhase section */
		00E356EC1AD99517003FC87E /* Resources */ = {
			isa = PBXResourcesBuildPhase;
			buildActionMask = 2147483647;
			files = (
			);
			runOnlyForDeploymentPostprocessing = 0;
		};
		13B07F8E1A680F5B00A75B9A /* Resources */ = {
			isa = PBXResourcesBuildPhase;
			buildActionMask = 2147483647;
			files = (
				13B07FBF1A68108700A75B9A /* Images.xcassets in Resources */,
				A6297FA9654E4C36ADF80171 /* Montserrat-Black.ttf in Resources */,
				AE881677E1524240866E61C1 /* Montserrat-BlackItalic.ttf in Resources */,
				F42372BCC8AB47558D73EFEA /* Montserrat-Bold.ttf in Resources */,
				9147A0545F5E43BD9FF873C8 /* Montserrat-BoldItalic.ttf in Resources */,
				0BA291035AB6455E9A4296CA /* Montserrat-ExtraBold.ttf in Resources */,
				95FF15D3C3C349DBA8361816 /* Montserrat-ExtraBoldItalic.ttf in Resources */,
				5D886C37CABE46B6AE3C8502 /* Montserrat-ExtraLight.ttf in Resources */,
				D408CCA802F047CE9B699208 /* Montserrat-ExtraLightItalic.ttf in Resources */,
				D6CC4D1DD3AF45A8B0A9B1A5 /* Montserrat-Italic.ttf in Resources */,
				34FC453E48184786BA3E7962 /* Montserrat-Light.ttf in Resources */,
				ECC8320D327246B7AB804561 /* Montserrat-LightItalic.ttf in Resources */,
				2612370B014B4C58B2B3B0C4 /* Montserrat-Medium.ttf in Resources */,
				85ADCDDAD9584217B334D391 /* Montserrat-MediumItalic.ttf in Resources */,
				BB64006AD4574FC79E8047B7 /* Montserrat-Regular.ttf in Resources */,
				317B8D751909465EBBF41F72 /* Montserrat-SemiBold.ttf in Resources */,
				ED9ECF866B554282AD31CA35 /* Montserrat-SemiBoldItalic.ttf in Resources */,
				99F9AE708CFB4149AD2C579A /* Montserrat-Thin.ttf in Resources */,
				75EEB3B16A7A4287B64B2D36 /* Montserrat-ThinItalic.ttf in Resources */,
				D5251A52E42A4FE48F8077A0 /* Poppins-Black.ttf in Resources */,
				C47BB872361E4ABC9F36EF0C /* Poppins-BlackItalic.ttf in Resources */,
				DF981D4387634B709857B2CE /* Poppins-Bold.ttf in Resources */,
				398497AF23C1419FB501CE10 /* Poppins-BoldItalic.ttf in Resources */,
				256BA4437FD741B0846C3567 /* Poppins-ExtraBold.ttf in Resources */,
				F311E2CC1B1B471391078A5E /* Poppins-ExtraBoldItalic.ttf in Resources */,
				9471D82450E7470E957D76F7 /* Poppins-ExtraLight.ttf in Resources */,
				CFF958BCBB7D4B22B11E2DEF /* Poppins-ExtraLightItalic.ttf in Resources */,
				BEE24F46375D4284BEC1352E /* Poppins-Italic.ttf in Resources */,
				27236864456C4BC59DBBB58B /* Poppins-Light.ttf in Resources */,
				2BB448627C704A5FAC35055C /* Poppins-LightItalic.ttf in Resources */,
				D4664A1439714B31937D30D9 /* Poppins-Medium.ttf in Resources */,
				90CC7B9CDF034A01AC5C462C /* Poppins-MediumItalic.ttf in Resources */,
				6C524827D47A46CEBC8ECA76 /* Poppins-Regular.ttf in Resources */,
				4A4C818036674AE09F014148 /* Poppins-SemiBold.ttf in Resources */,
				239EF77F2861426F95DF9497 /* Poppins-SemiBoldItalic.ttf in Resources */,
				946FCA0597BA4EBBA43E6E4A /* Poppins-Thin.ttf in Resources */,
				ED13110C541A4AD8AAF03A28 /* Poppins-ThinItalic.ttf in Resources */,
				549BAA0D296F49E498691733 /* sofiapro-light.otf in Resources */,
				8FEA5BCF0B564F28B88F16D1 /* Gothic.ttf in Resources */,
				F877BB182E4A4AB6BA5354FE /* Century Gothic.ttf in Resources */,
				241168A79973468F93F9B0A0 /* CenturyGothic-Bold.ttf in Resources */,
				18B9A35528B624C600E4EF93 /* GoogleService-Info.plist in Resources */,
				8F7CCD723B6F456DBCCC6AD9 /* Gilroy-Bold.ttf in Resources */,
				7D2B66FCC9DF47E3B4BB90F0 /* Gilroy-ExtraBold.ttf in Resources */,
				A433B18B047C4627A611CCE9 /* Gilroy-Light.ttf in Resources */,
				545D68719F9241229DF8BAE1 /* Gilroy-Medium.ttf in Resources */,
				F49DFB6BE4D943D1B9D473BA /* Gilroy-Regular.ttf in Resources */,
				26BDED82889A4D3AA22E207E /* Gilroy-SemiBold.ttf in Resources */,
			);
			runOnlyForDeploymentPostprocessing = 0;
		};
/* End PBXResourcesBuildPhase section */

/* Begin PBXShellScriptBuildPhase section */
		00DD1BFF1BD5951E006B06BC /* Bundle React Native code and images */ = {
			isa = PBXShellScriptBuildPhase;
			buildActionMask = 2147483647;
			files = (
			);
			inputPaths = (
			);
			name = "Bundle React Native code and images";
			outputPaths = (
			);
			runOnlyForDeploymentPostprocessing = 0;
			shellPath = /bin/sh;
			shellScript = "set -e\n\nexport NODE_BINARY=node\n../node_modules/react-native/scripts/react-native-xcode.sh\n";
		};
		30F7ED4338466F608DF10523 /* [CP] Check Pods Manifest.lock */ = {
			isa = PBXShellScriptBuildPhase;
			buildActionMask = 2147483647;
			files = (
			);
			inputFileListPaths = (
			);
			inputPaths = (
				"${PODS_PODFILE_DIR_PATH}/Podfile.lock",
				"${PODS_ROOT}/Manifest.lock",
			);
			name = "[CP] Check Pods Manifest.lock";
			outputFileListPaths = (
			);
			outputPaths = (
				"$(DERIVED_FILE_DIR)/Pods-TextNG-checkManifestLockResult.txt",
			);
			runOnlyForDeploymentPostprocessing = 0;
			shellPath = /bin/sh;
			shellScript = "diff \"${PODS_PODFILE_DIR_PATH}/Podfile.lock\" \"${PODS_ROOT}/Manifest.lock\" > /dev/null\nif [ $? != 0 ] ; then\n    # print error to STDERR\n    echo \"error: The sandbox is not in sync with the Podfile.lock. Run 'pod install' or update your CocoaPods installation.\" >&2\n    exit 1\nfi\n# This output is used by Xcode 'outputs' to avoid re-running this script phase.\necho \"SUCCESS\" > \"${SCRIPT_OUTPUT_FILE_0}\"\n";
			showEnvVarsInLog = 0;
		};
		4612777849CFD15AB6344D15 /* [CP-User] [RNFB] Core Configuration */ = {
			isa = PBXShellScriptBuildPhase;
			buildActionMask = 2147483647;
			files = (
			);
			inputPaths = (
				"$(BUILT_PRODUCTS_DIR)/$(INFOPLIST_PATH)",
			);
			name = "[CP-User] [RNFB] Core Configuration";
			runOnlyForDeploymentPostprocessing = 0;
			shellPath = /bin/sh;
			shellScript = "#!/usr/bin/env bash\n#\n# Copyright (c) 2016-present Invertase Limited & Contributors\n#\n# Licensed under the Apache License, Version 2.0 (the \"License\");\n# you may not use this library except in compliance with the License.\n# You may obtain a copy of the License at\n#\n#   http://www.apache.org/licenses/LICENSE-2.0\n#\n# Unless required by applicable law or agreed to in writing, software\n# distributed under the License is distributed on an \"AS IS\" BASIS,\n# WITHOUT WARRANTIES OR CONDITIONS OF ANY KIND, either express or implied.\n# See the License for the specific language governing permissions and\n# limitations under the License.\n#\nset -e\n\n_MAX_LOOKUPS=2;\n_SEARCH_RESULT=''\n_RN_ROOT_EXISTS=''\n_CURRENT_LOOKUPS=1\n_JSON_ROOT=\"'react-native'\"\n_JSON_FILE_NAME='firebase.json'\n_JSON_OUTPUT_BASE64='e30=' # { }\n_CURRENT_SEARCH_DIR=${PROJECT_DIR}\n_PLIST_BUDDY=/usr/libexec/PlistBuddy\n_TARGET_PLIST=\"${BUILT_PRODUCTS_DIR}/${INFOPLIST_PATH}\"\n_DSYM_PLIST=\"${DWARF_DSYM_FOLDER_PATH}/${DWARF_DSYM_FILE_NAME}/Contents/Info.plist\"\n\n# plist arrays\n_PLIST_ENTRY_KEYS=()\n_PLIST_ENTRY_TYPES=()\n_PLIST_ENTRY_VALUES=()\n\nfunction setPlistValue {\n  echo \"info:      setting plist entry '$1' of type '$2' in file '$4'\"\n  ${_PLIST_BUDDY} -c \"Add :$1 $2 '$3'\" $4 || echo \"info:      '$1' already exists\"\n}\n\nfunction getFirebaseJsonKeyValue () {\n  if [[ ${_RN_ROOT_EXISTS} ]]; then\n    ruby -Ku -e \"require 'rubygems';require 'json'; output=JSON.parse('$1'); puts output[$_JSON_ROOT]['$2']\"\n  else\n    echo \"\"\n  fi;\n}\n\nfunction jsonBoolToYesNo () {\n  if [[ $1 == \"false\" ]]; then\n    echo \"NO\"\n  elif [[ $1 == \"true\" ]]; then\n    echo \"YES\"\n  else echo \"NO\"\n  fi\n}\n\necho \"info: -> RNFB build script started\"\necho \"info: 1) Locating ${_JSON_FILE_NAME} file:\"\n\nif [[ -z ${_CURRENT_SEARCH_DIR} ]]; then\n  _CURRENT_SEARCH_DIR=$(pwd)\nfi;\n\nwhile true; do\n  _CURRENT_SEARCH_DIR=$(dirname \"$_CURRENT_SEARCH_DIR\")\n  if [[ \"$_CURRENT_SEARCH_DIR\" == \"/\" ]] || [[ ${_CURRENT_LOOKUPS} -gt ${_MAX_LOOKUPS} ]]; then break; fi;\n  echo \"info:      ($_CURRENT_LOOKUPS of $_MAX_LOOKUPS) Searching in '$_CURRENT_SEARCH_DIR' for a ${_JSON_FILE_NAME} file.\"\n  _SEARCH_RESULT=$(find \"$_CURRENT_SEARCH_DIR\" -maxdepth 2 -name ${_JSON_FILE_NAME} -print | /usr/bin/head -n 1)\n  if [[ ${_SEARCH_RESULT} ]]; then\n    echo \"info:      ${_JSON_FILE_NAME} found at $_SEARCH_RESULT\"\n    break;\n  fi;\n  _CURRENT_LOOKUPS=$((_CURRENT_LOOKUPS+1))\ndone\n\nif [[ ${_SEARCH_RESULT} ]]; then\n  _JSON_OUTPUT_RAW=$(cat \"${_SEARCH_RESULT}\")\n  _RN_ROOT_EXISTS=$(ruby -Ku -e \"require 'rubygems';require 'json'; output=JSON.parse('$_JSON_OUTPUT_RAW'); puts output[$_JSON_ROOT]\" || echo '')\n\n  if [[ ${_RN_ROOT_EXISTS} ]]; then\n    if ! python3 --version >/dev/null 2>&1; then echo \"python3 not found, firebase.json file processing error.\" && exit 1; fi\n    _JSON_OUTPUT_BASE64=$(python3 -c 'import json,sys,base64;print(base64.b64encode(bytes(json.dumps(json.loads(open('\"'${_SEARCH_RESULT}'\"', '\"'rb'\"').read())['${_JSON_ROOT}']), '\"'utf-8'\"')).decode())' || echo \"e30=\")\n  fi\n\n  _PLIST_ENTRY_KEYS+=(\"firebase_json_raw\")\n  _PLIST_ENTRY_TYPES+=(\"string\")\n  _PLIST_ENTRY_VALUES+=(\"$_JSON_OUTPUT_BASE64\")\n\n  # config.app_data_collection_default_enabled\n  _APP_DATA_COLLECTION_ENABLED=$(getFirebaseJsonKeyValue \"$_JSON_OUTPUT_RAW\" \"app_data_collection_default_enabled\")\n  if [[ $_APP_DATA_COLLECTION_ENABLED ]]; then\n    _PLIST_ENTRY_KEYS+=(\"FirebaseDataCollectionDefaultEnabled\")\n    _PLIST_ENTRY_TYPES+=(\"bool\")\n    _PLIST_ENTRY_VALUES+=(\"$(jsonBoolToYesNo \"$_APP_DATA_COLLECTION_ENABLED\")\")\n  fi\n\n  # config.analytics_auto_collection_enabled\n  _ANALYTICS_AUTO_COLLECTION=$(getFirebaseJsonKeyValue \"$_JSON_OUTPUT_RAW\" \"analytics_auto_collection_enabled\")\n  if [[ $_ANALYTICS_AUTO_COLLECTION ]]; then\n    _PLIST_ENTRY_KEYS+=(\"FIREBASE_ANALYTICS_COLLECTION_ENABLED\")\n    _PLIST_ENTRY_TYPES+=(\"bool\")\n    _PLIST_ENTRY_VALUES+=(\"$(jsonBoolToYesNo \"$_ANALYTICS_AUTO_COLLECTION\")\")\n  fi\n\n  # config.analytics_collection_deactivated\n  _ANALYTICS_DEACTIVATED=$(getFirebaseJsonKeyValue \"$_JSON_OUTPUT_RAW\" \"analytics_collection_deactivated\")\n  if [[ $_ANALYTICS_DEACTIVATED ]]; then\n    _PLIST_ENTRY_KEYS+=(\"FIREBASE_ANALYTICS_COLLECTION_DEACTIVATED\")\n    _PLIST_ENTRY_TYPES+=(\"bool\")\n    _PLIST_ENTRY_VALUES+=(\"$(jsonBoolToYesNo \"$_ANALYTICS_DEACTIVATED\")\")\n  fi\n\n  # config.analytics_idfv_collection_enabled\n  _ANALYTICS_IDFV_COLLECTION=$(getFirebaseJsonKeyValue \"$_JSON_OUTPUT_RAW\" \"analytics_idfv_collection_enabled\")\n  if [[ $_ANALYTICS_IDFV_COLLECTION ]]; then\n    _PLIST_ENTRY_KEYS+=(\"GOOGLE_ANALYTICS_IDFV_COLLECTION_ENABLED\")\n    _PLIST_ENTRY_TYPES+=(\"bool\")\n    _PLIST_ENTRY_VALUES+=(\"$(jsonBoolToYesNo \"$_ANALYTICS_IDFV_COLLECTION\")\")\n  fi\n\n  # config.analytics_default_allow_ad_personalization_signals\n  _ANALYTICS_PERSONALIZATION=$(getFirebaseJsonKeyValue \"$_JSON_OUTPUT_RAW\" \"analytics_default_allow_ad_personalization_signals\")\n  if [[ $_ANALYTICS_PERSONALIZATION ]]; then\n    _PLIST_ENTRY_KEYS+=(\"GOOGLE_ANALYTICS_DEFAULT_ALLOW_AD_PERSONALIZATION_SIGNALS\")\n    _PLIST_ENTRY_TYPES+=(\"bool\")\n    _PLIST_ENTRY_VALUES+=(\"$(jsonBoolToYesNo \"$_ANALYTICS_PERSONALIZATION\")\")\n  fi\n\n  # config.analytics_registration_with_ad_network_enabled\n  _ANALYTICS_REGISTRATION_WITH_AD_NETWORK=$(getFirebaseJsonKeyValue \"$_JSON_OUTPUT_RAW\" \"google_analytics_registration_with_ad_network_enabled\")\n  if [[ $_ANALYTICS_REGISTRATION_WITH_AD_NETWORK ]]; then\n    _PLIST_ENTRY_KEYS+=(\"GOOGLE_ANALYTICS_REGISTRATION_WITH_AD_NETWORK_ENABLED\")\n    _PLIST_ENTRY_TYPES+=(\"bool\")\n    _PLIST_ENTRY_VALUES+=(\"$(jsonBoolToYesNo \"$_ANALYTICS_REGISTRATION_WITH_AD_NETWORK\")\")\n  fi\n\n  # config.google_analytics_automatic_screen_reporting_enabled\n  _ANALYTICS_AUTO_SCREEN_REPORTING=$(getFirebaseJsonKeyValue \"$_JSON_OUTPUT_RAW\" \"google_analytics_automatic_screen_reporting_enabled\")\n  if [[ $_ANALYTICS_AUTO_SCREEN_REPORTING ]]; then\n    _PLIST_ENTRY_KEYS+=(\"FirebaseAutomaticScreenReportingEnabled\")\n    _PLIST_ENTRY_TYPES+=(\"bool\")\n    _PLIST_ENTRY_VALUES+=(\"$(jsonBoolToYesNo \"$_ANALYTICS_AUTO_SCREEN_REPORTING\")\")\n  fi\n\n  # config.perf_auto_collection_enabled\n  _PERF_AUTO_COLLECTION=$(getFirebaseJsonKeyValue \"$_JSON_OUTPUT_RAW\" \"perf_auto_collection_enabled\")\n  if [[ $_PERF_AUTO_COLLECTION ]]; then\n    _PLIST_ENTRY_KEYS+=(\"firebase_performance_collection_enabled\")\n    _PLIST_ENTRY_TYPES+=(\"bool\")\n    _PLIST_ENTRY_VALUES+=(\"$(jsonBoolToYesNo \"$_PERF_AUTO_COLLECTION\")\")\n  fi\n\n  # config.perf_collection_deactivated\n  _PERF_DEACTIVATED=$(getFirebaseJsonKeyValue \"$_JSON_OUTPUT_RAW\" \"perf_collection_deactivated\")\n  if [[ $_PERF_DEACTIVATED ]]; then\n    _PLIST_ENTRY_KEYS+=(\"firebase_performance_collection_deactivated\")\n    _PLIST_ENTRY_TYPES+=(\"bool\")\n    _PLIST_ENTRY_VALUES+=(\"$(jsonBoolToYesNo \"$_PERF_DEACTIVATED\")\")\n  fi\n\n  # config.messaging_auto_init_enabled\n  _MESSAGING_AUTO_INIT=$(getFirebaseJsonKeyValue \"$_JSON_OUTPUT_RAW\" \"messaging_auto_init_enabled\")\n  if [[ $_MESSAGING_AUTO_INIT ]]; then\n    _PLIST_ENTRY_KEYS+=(\"FirebaseMessagingAutoInitEnabled\")\n    _PLIST_ENTRY_TYPES+=(\"bool\")\n    _PLIST_ENTRY_VALUES+=(\"$(jsonBoolToYesNo \"$_MESSAGING_AUTO_INIT\")\")\n  fi\n\n  # config.in_app_messaging_auto_colllection_enabled\n  _FIAM_AUTO_INIT=$(getFirebaseJsonKeyValue \"$_JSON_OUTPUT_RAW\" \"in_app_messaging_auto_collection_enabled\")\n  if [[ $_FIAM_AUTO_INIT ]]; then\n    _PLIST_ENTRY_KEYS+=(\"FirebaseInAppMessagingAutomaticDataCollectionEnabled\")\n    _PLIST_ENTRY_TYPES+=(\"bool\")\n    _PLIST_ENTRY_VALUES+=(\"$(jsonBoolToYesNo \"$_FIAM_AUTO_INIT\")\")\n  fi\n\n  # config.app_check_token_auto_refresh\n  _APP_CHECK_TOKEN_AUTO_REFRESH=$(getFirebaseJsonKeyValue \"$_JSON_OUTPUT_RAW\" \"app_check_token_auto_refresh\")\n  if [[ $_APP_CHECK_TOKEN_AUTO_REFRESH ]]; then\n    _PLIST_ENTRY_KEYS+=(\"FirebaseAppCheckTokenAutoRefreshEnabled\")\n    _PLIST_ENTRY_TYPES+=(\"bool\")\n    _PLIST_ENTRY_VALUES+=(\"$(jsonBoolToYesNo \"$_APP_CHECK_TOKEN_AUTO_REFRESH\")\")\n  fi\n\n  # config.crashlytics_disable_auto_disabler - undocumented for now - mainly for debugging, document if becomes useful\n  _CRASHLYTICS_AUTO_DISABLE_ENABLED=$(getFirebaseJsonKeyValue \"$_JSON_OUTPUT_RAW\" \"crashlytics_disable_auto_disabler\")\n  if [[ $_CRASHLYTICS_AUTO_DISABLE_ENABLED == \"true\" ]]; then\n    echo \"Disabled Crashlytics auto disabler.\" # do nothing\n  else\n    _PLIST_ENTRY_KEYS+=(\"FirebaseCrashlyticsCollectionEnabled\")\n    _PLIST_ENTRY_TYPES+=(\"bool\")\n    _PLIST_ENTRY_VALUES+=(\"NO\")\n  fi\nelse\n  _PLIST_ENTRY_KEYS+=(\"firebase_json_raw\")\n  _PLIST_ENTRY_TYPES+=(\"string\")\n  _PLIST_ENTRY_VALUES+=(\"$_JSON_OUTPUT_BASE64\")\n  echo \"warning:   A firebase.json file was not found, whilst this file is optional it is recommended to include it to configure firebase services in React Native Firebase.\"\nfi;\n\necho \"info: 2) Injecting Info.plist entries: \"\n\n# Log out the keys we're adding\nfor i in \"${!_PLIST_ENTRY_KEYS[@]}\"; do\n  echo \"    ->  $i) ${_PLIST_ENTRY_KEYS[$i]}\" \"${_PLIST_ENTRY_TYPES[$i]}\" \"${_PLIST_ENTRY_VALUES[$i]}\"\ndone\n\nfor plist in \"${_TARGET_PLIST}\" \"${_DSYM_PLIST}\" ; do\n  if [[ -f \"${plist}\" ]]; then\n\n    # paths with spaces break the call to setPlistValue. temporarily modify\n    # the shell internal field separator variable (IFS), which normally\n    # includes spaces, to consist only of line breaks\n    oldifs=$IFS\n    IFS=\"\n\"\n\n    for i in \"${!_PLIST_ENTRY_KEYS[@]}\"; do\n      setPlistValue \"${_PLIST_ENTRY_KEYS[$i]}\" \"${_PLIST_ENTRY_TYPES[$i]}\" \"${_PLIST_ENTRY_VALUES[$i]}\" \"${plist}\"\n    done\n\n    # restore the original internal field separator value\n    IFS=$oldifs\n  else\n    echo \"warning:   A Info.plist build output file was not found (${plist})\"\n  fi\ndone\n\necho \"info: <- RNFB build script finished\"\n";
		};
		5C432558E7034FF4F0982688 /* [CP] Embed Pods Frameworks */ = {
			isa = PBXShellScriptBuildPhase;
			buildActionMask = 2147483647;
			files = (
			);
			inputFileListPaths = (
				"${PODS_ROOT}/Target Support Files/Pods-TextNG/Pods-TextNG-frameworks-${CONFIGURATION}-input-files.xcfilelist",
			);
			name = "[CP] Embed Pods Frameworks";
			outputFileListPaths = (
				"${PODS_ROOT}/Target Support Files/Pods-TextNG/Pods-TextNG-frameworks-${CONFIGURATION}-output-files.xcfilelist",
			);
			runOnlyForDeploymentPostprocessing = 0;
			shellPath = /bin/sh;
			shellScript = "\"${PODS_ROOT}/Target Support Files/Pods-TextNG/Pods-TextNG-frameworks.sh\"\n";
			showEnvVarsInLog = 0;
		};
		A18EB452D65A6D3B399F9D63 /* [CP] Check Pods Manifest.lock */ = {
			isa = PBXShellScriptBuildPhase;
			buildActionMask = 2147483647;
			files = (
			);
			inputFileListPaths = (
			);
			inputPaths = (
				"${PODS_PODFILE_DIR_PATH}/Podfile.lock",
				"${PODS_ROOT}/Manifest.lock",
			);
			name = "[CP] Check Pods Manifest.lock";
			outputFileListPaths = (
			);
			outputPaths = (
				"$(DERIVED_FILE_DIR)/Pods-TextNG-TextNGTests-checkManifestLockResult.txt",
			);
			runOnlyForDeploymentPostprocessing = 0;
			shellPath = /bin/sh;
			shellScript = "diff \"${PODS_PODFILE_DIR_PATH}/Podfile.lock\" \"${PODS_ROOT}/Manifest.lock\" > /dev/null\nif [ $? != 0 ] ; then\n    # print error to STDERR\n    echo \"error: The sandbox is not in sync with the Podfile.lock. Run 'pod install' or update your CocoaPods installation.\" >&2\n    exit 1\nfi\n# This output is used by Xcode 'outputs' to avoid re-running this script phase.\necho \"SUCCESS\" > \"${SCRIPT_OUTPUT_FILE_0}\"\n";
			showEnvVarsInLog = 0;
		};
		E966050A499C891ABDC408BE /* [CP] Copy Pods Resources */ = {
			isa = PBXShellScriptBuildPhase;
			buildActionMask = 2147483647;
			files = (
			);
			inputFileListPaths = (
				"${PODS_ROOT}/Target Support Files/Pods-TextNG-TextNGTests/Pods-TextNG-TextNGTests-resources-${CONFIGURATION}-input-files.xcfilelist",
			);
			name = "[CP] Copy Pods Resources";
			outputFileListPaths = (
				"${PODS_ROOT}/Target Support Files/Pods-TextNG-TextNGTests/Pods-TextNG-TextNGTests-resources-${CONFIGURATION}-output-files.xcfilelist",
			);
			runOnlyForDeploymentPostprocessing = 0;
			shellPath = /bin/sh;
			shellScript = "\"${PODS_ROOT}/Target Support Files/Pods-TextNG-TextNGTests/Pods-TextNG-TextNGTests-resources.sh\"\n";
			showEnvVarsInLog = 0;
		};
		EFF2755B74544C25F0880A27 /* [CP] Embed Pods Frameworks */ = {
			isa = PBXShellScriptBuildPhase;
			buildActionMask = 2147483647;
			files = (
			);
			inputFileListPaths = (
				"${PODS_ROOT}/Target Support Files/Pods-TextNG-TextNGTests/Pods-TextNG-TextNGTests-frameworks-${CONFIGURATION}-input-files.xcfilelist",
			);
			name = "[CP] Embed Pods Frameworks";
			outputFileListPaths = (
				"${PODS_ROOT}/Target Support Files/Pods-TextNG-TextNGTests/Pods-TextNG-TextNGTests-frameworks-${CONFIGURATION}-output-files.xcfilelist",
			);
			runOnlyForDeploymentPostprocessing = 0;
			shellPath = /bin/sh;
			shellScript = "\"${PODS_ROOT}/Target Support Files/Pods-TextNG-TextNGTests/Pods-TextNG-TextNGTests-frameworks.sh\"\n";
			showEnvVarsInLog = 0;
		};
		F6A5CD75EACAF72E5864F17C /* [CP] Copy Pods Resources */ = {
			isa = PBXShellScriptBuildPhase;
			buildActionMask = 2147483647;
			files = (
			);
			inputFileListPaths = (
				"${PODS_ROOT}/Target Support Files/Pods-TextNG/Pods-TextNG-resources-${CONFIGURATION}-input-files.xcfilelist",
			);
			name = "[CP] Copy Pods Resources";
			outputFileListPaths = (
				"${PODS_ROOT}/Target Support Files/Pods-TextNG/Pods-TextNG-resources-${CONFIGURATION}-output-files.xcfilelist",
			);
			runOnlyForDeploymentPostprocessing = 0;
			shellPath = /bin/sh;
			shellScript = "\"${PODS_ROOT}/Target Support Files/Pods-TextNG/Pods-TextNG-resources.sh\"\n";
			showEnvVarsInLog = 0;
		};
		FD10A7F022414F080027D42C /* Start Packager */ = {
			isa = PBXShellScriptBuildPhase;
			buildActionMask = 2147483647;
			files = (
			);
			inputFileListPaths = (
			);
			inputPaths = (
			);
			name = "Start Packager";
			outputFileListPaths = (
			);
			outputPaths = (
			);
			runOnlyForDeploymentPostprocessing = 0;
			shellPath = /bin/sh;
			shellScript = "export RCT_METRO_PORT=\"${RCT_METRO_PORT:=8081}\"\necho \"export RCT_METRO_PORT=${RCT_METRO_PORT}\" > \"${SRCROOT}/../node_modules/react-native/scripts/.packager.env\"\nif [ -z \"${RCT_NO_LAUNCH_PACKAGER+xxx}\" ] ; then\n  if nc -w 5 -z localhost ${RCT_METRO_PORT} ; then\n    if ! curl -s \"http://localhost:${RCT_METRO_PORT}/status\" | grep -q \"packager-status:running\" ; then\n      echo \"Port ${RCT_METRO_PORT} already in use, packager is either not running or not running correctly\"\n      exit 2\n    fi\n  else\n    open \"$SRCROOT/../node_modules/react-native/scripts/launchPackager.command\" || echo \"Can't start packager automatically\"\n  fi\nfi\n";
			showEnvVarsInLog = 0;
		};
/* End PBXShellScriptBuildPhase section */

/* Begin PBXSourcesBuildPhase section */
		00E356EA1AD99517003FC87E /* Sources */ = {
			isa = PBXSourcesBuildPhase;
			buildActionMask = 2147483647;
			files = (
				00E356F31AD99517003FC87E /* TextNGTests.m in Sources */,
			);
			runOnlyForDeploymentPostprocessing = 0;
		};
		13B07F871A680F5B00A75B9A /* Sources */ = {
			isa = PBXSourcesBuildPhase;
			buildActionMask = 2147483647;
			files = (
				13B07FBC1A68108700A75B9A /* AppDelegate.m in Sources */,
				522E7DC12876E4AD0049F36E /* File.swift in Sources */,
				13B07FC11A68108700A75B9A /* main.m in Sources */,
			);
			runOnlyForDeploymentPostprocessing = 0;
		};
/* End PBXSourcesBuildPhase section */

/* Begin PBXTargetDependency section */
		00E356F51AD99517003FC87E /* PBXTargetDependency */ = {
			isa = PBXTargetDependency;
			target = 13B07F861A680F5B00A75B9A /* TextNG */;
			targetProxy = 00E356F41AD99517003FC87E /* PBXContainerItemProxy */;
		};
/* End PBXTargetDependency section */

/* Begin XCBuildConfiguration section */
		00E356F61AD99517003FC87E /* Debug */ = {
			isa = XCBuildConfiguration;
			baseConfigurationReference = 2237CF79E23B83F3A11097DD /* Pods-TextNG-TextNGTests.debug.xcconfig */;
			buildSettings = {
				ALWAYS_EMBED_SWIFT_STANDARD_LIBRARIES = YES;
				BUNDLE_LOADER = "$(TEST_HOST)";
				GCC_PREPROCESSOR_DEFINITIONS = (
					"DEBUG=1",
					"$(inherited)",
				);
				INFOPLIST_FILE = TextNGTests/Info.plist;
				IPHONEOS_DEPLOYMENT_TARGET = 11.0;
				LD_RUNPATH_SEARCH_PATHS = (
					"$(inherited)",
					"@executable_path/Frameworks",
					"@loader_path/Frameworks",
				);
				OTHER_LDFLAGS = (
					"-ObjC",
					"-lc++",
					"$(inherited)",
				);
				PRODUCT_BUNDLE_IDENTIFIER = "org.reactjs.native.example.$(PRODUCT_NAME:rfc1034identifier)";
				PRODUCT_NAME = "$(TARGET_NAME)";
				TEST_HOST = "$(BUILT_PRODUCTS_DIR)/TextNG.app/TextNG";
			};
			name = Debug;
		};
		00E356F71AD99517003FC87E /* Release */ = {
			isa = XCBuildConfiguration;
			baseConfigurationReference = 1516665F78243839F7F3DF4A /* Pods-TextNG-TextNGTests.release.xcconfig */;
			buildSettings = {
				ALWAYS_EMBED_SWIFT_STANDARD_LIBRARIES = YES;
				BUNDLE_LOADER = "$(TEST_HOST)";
				COPY_PHASE_STRIP = NO;
				INFOPLIST_FILE = TextNGTests/Info.plist;
				IPHONEOS_DEPLOYMENT_TARGET = 11.0;
				LD_RUNPATH_SEARCH_PATHS = (
					"$(inherited)",
					"@executable_path/Frameworks",
					"@loader_path/Frameworks",
				);
				OTHER_LDFLAGS = (
					"-ObjC",
					"-lc++",
					"$(inherited)",
				);
				PRODUCT_BUNDLE_IDENTIFIER = "org.reactjs.native.example.$(PRODUCT_NAME:rfc1034identifier)";
				PRODUCT_NAME = "$(TARGET_NAME)";
				TEST_HOST = "$(BUILT_PRODUCTS_DIR)/TextNG.app/TextNG";
			};
			name = Release;
		};
		13B07F941A680F5B00A75B9A /* Debug */ = {
			isa = XCBuildConfiguration;
			baseConfigurationReference = 6F1BCF8DCD1343183C0C1358 /* Pods-TextNG.debug.xcconfig */;
			buildSettings = {
				ASSETCATALOG_COMPILER_APPICON_NAME = AppIcon;
				CLANG_ENABLE_MODULES = YES;
				CODE_SIGN_ENTITLEMENTS = TextNG/TextNG.entitlements;
				CURRENT_PROJECT_VERSION = 2.2;
				DEVELOPMENT_TEAM = ZDG8KVTKJ2;
				ENABLE_BITCODE = NO;
				INFOPLIST_FILE = TextNG/Info.plist;
				LD_RUNPATH_SEARCH_PATHS = (
					"$(inherited)",
					"@executable_path/Frameworks",
				);
				MARKETING_VERSION = 1.0;
				OTHER_LDFLAGS = (
					"$(inherited)",
					"-ObjC",
					"-lc++",
				);
				PRODUCT_BUNDLE_IDENTIFIER = com.vs.TextNG;
				PRODUCT_NAME = TextNG;
				SWIFT_OBJC_BRIDGING_HEADER = "TextNG-Bridging-Header.h";
				SWIFT_OPTIMIZATION_LEVEL = "-Onone";
				SWIFT_VERSION = 5.0;
				VERSIONING_SYSTEM = "apple-generic";
			};
			name = Debug;
		};
		13B07F951A680F5B00A75B9A /* Release */ = {
			isa = XCBuildConfiguration;
			baseConfigurationReference = 9DF6FFD1F5C4D870B9107FBB /* Pods-TextNG.release.xcconfig */;
			buildSettings = {
				ASSETCATALOG_COMPILER_APPICON_NAME = AppIcon;
				CLANG_ENABLE_MODULES = YES;
				CODE_SIGN_ENTITLEMENTS = TextNG/TextNG.entitlements;
				CURRENT_PROJECT_VERSION = 2.2;
				DEVELOPMENT_TEAM = ZDG8KVTKJ2;
				INFOPLIST_FILE = TextNG/Info.plist;
				LD_RUNPATH_SEARCH_PATHS = (
					"$(inherited)",
					"@executable_path/Frameworks",
				);
				MARKETING_VERSION = 1.0;
				OTHER_LDFLAGS = (
					"$(inherited)",
					"-ObjC",
					"-lc++",
				);
				PRODUCT_BUNDLE_IDENTIFIER = com.vs.TextNG;
				PRODUCT_NAME = TextNG;
				SWIFT_OBJC_BRIDGING_HEADER = "TextNG-Bridging-Header.h";
				SWIFT_VERSION = 5.0;
				VERSIONING_SYSTEM = "apple-generic";
			};
			name = Release;
		};
		83CBBA201A601CBA00E9B192 /* Debug */ = {
			isa = XCBuildConfiguration;
			buildSettings = {
				ALWAYS_SEARCH_USER_PATHS = NO;
				CLANG_ANALYZER_LOCALIZABILITY_NONLOCALIZED = YES;
				CLANG_CXX_LANGUAGE_STANDARD = "gnu++0x";
				CLANG_CXX_LIBRARY = "libc++";
				CLANG_ENABLE_MODULES = YES;
				CLANG_ENABLE_OBJC_ARC = YES;
				CLANG_WARN_BLOCK_CAPTURE_AUTORELEASING = YES;
				CLANG_WARN_BOOL_CONVERSION = YES;
				CLANG_WARN_COMMA = YES;
				CLANG_WARN_CONSTANT_CONVERSION = YES;
				CLANG_WARN_DEPRECATED_OBJC_IMPLEMENTATIONS = YES;
				CLANG_WARN_DIRECT_OBJC_ISA_USAGE = YES_ERROR;
				CLANG_WARN_EMPTY_BODY = YES;
				CLANG_WARN_ENUM_CONVERSION = YES;
				CLANG_WARN_INFINITE_RECURSION = YES;
				CLANG_WARN_INT_CONVERSION = YES;
				CLANG_WARN_NON_LITERAL_NULL_CONVERSION = YES;
				CLANG_WARN_OBJC_IMPLICIT_RETAIN_SELF = YES;
				CLANG_WARN_OBJC_LITERAL_CONVERSION = YES;
				CLANG_WARN_OBJC_ROOT_CLASS = YES_ERROR;
				CLANG_WARN_QUOTED_INCLUDE_IN_FRAMEWORK_HEADER = YES;
				CLANG_WARN_RANGE_LOOP_ANALYSIS = YES;
				CLANG_WARN_STRICT_PROTOTYPES = YES;
				CLANG_WARN_SUSPICIOUS_MOVE = YES;
				CLANG_WARN_UNREACHABLE_CODE = YES;
				CLANG_WARN__DUPLICATE_METHOD_MATCH = YES;
				"CODE_SIGN_IDENTITY[sdk=iphoneos*]" = "iPhone Developer";
				COPY_PHASE_STRIP = NO;
				ENABLE_STRICT_OBJC_MSGSEND = YES;
				ENABLE_TESTABILITY = YES;
				"EXCLUDED_ARCHS[sdk=iphonesimulator*]" = "";
				GCC_C_LANGUAGE_STANDARD = gnu99;
				GCC_DYNAMIC_NO_PIC = NO;
				GCC_NO_COMMON_BLOCKS = YES;
				GCC_OPTIMIZATION_LEVEL = 0;
				GCC_PREPROCESSOR_DEFINITIONS = (
					"DEBUG=1",
					"$(inherited)",
				);
				GCC_SYMBOLS_PRIVATE_EXTERN = NO;
				GCC_WARN_64_TO_32_BIT_CONVERSION = YES;
				GCC_WARN_ABOUT_RETURN_TYPE = YES_ERROR;
				GCC_WARN_UNDECLARED_SELECTOR = YES;
				GCC_WARN_UNINITIALIZED_AUTOS = YES_AGGRESSIVE;
				GCC_WARN_UNUSED_FUNCTION = YES;
				GCC_WARN_UNUSED_VARIABLE = YES;
				IPHONEOS_DEPLOYMENT_TARGET = 11.0;
				LD_RUNPATH_SEARCH_PATHS = (
					/usr/lib/swift,
					"$(inherited)",
				);
				LIBRARY_SEARCH_PATHS = (
					"\"$(SDKROOT)/usr/lib/swift\"",
					"\"$(TOOLCHAIN_DIR)/usr/lib/swift/$(PLATFORM_NAME)\"",
					"\"$(inherited)\"",
				);
				MTL_ENABLE_DEBUG_INFO = YES;
				ONLY_ACTIVE_ARCH = YES;
				SDKROOT = iphoneos;
			};
			name = Debug;
		};
		83CBBA211A601CBA00E9B192 /* Release */ = {
			isa = XCBuildConfiguration;
			buildSettings = {
				ALWAYS_SEARCH_USER_PATHS = NO;
				CLANG_ANALYZER_LOCALIZABILITY_NONLOCALIZED = YES;
				CLANG_CXX_LANGUAGE_STANDARD = "gnu++0x";
				CLANG_CXX_LIBRARY = "libc++";
				CLANG_ENABLE_MODULES = YES;
				CLANG_ENABLE_OBJC_ARC = YES;
				CLANG_WARN_BLOCK_CAPTURE_AUTORELEASING = YES;
				CLANG_WARN_BOOL_CONVERSION = YES;
				CLANG_WARN_COMMA = YES;
				CLANG_WARN_CONSTANT_CONVERSION = YES;
				CLANG_WARN_DEPRECATED_OBJC_IMPLEMENTATIONS = YES;
				CLANG_WARN_DIRECT_OBJC_ISA_USAGE = YES_ERROR;
				CLANG_WARN_EMPTY_BODY = YES;
				CLANG_WARN_ENUM_CONVERSION = YES;
				CLANG_WARN_INFINITE_RECURSION = YES;
				CLANG_WARN_INT_CONVERSION = YES;
				CLANG_WARN_NON_LITERAL_NULL_CONVERSION = YES;
				CLANG_WARN_OBJC_IMPLICIT_RETAIN_SELF = YES;
				CLANG_WARN_OBJC_LITERAL_CONVERSION = YES;
				CLANG_WARN_OBJC_ROOT_CLASS = YES_ERROR;
				CLANG_WARN_QUOTED_INCLUDE_IN_FRAMEWORK_HEADER = YES;
				CLANG_WARN_RANGE_LOOP_ANALYSIS = YES;
				CLANG_WARN_STRICT_PROTOTYPES = YES;
				CLANG_WARN_SUSPICIOUS_MOVE = YES;
				CLANG_WARN_UNREACHABLE_CODE = YES;
				CLANG_WARN__DUPLICATE_METHOD_MATCH = YES;
				"CODE_SIGN_IDENTITY[sdk=iphoneos*]" = "iPhone Developer";
				COPY_PHASE_STRIP = YES;
				ENABLE_NS_ASSERTIONS = NO;
				ENABLE_STRICT_OBJC_MSGSEND = YES;
				"EXCLUDED_ARCHS[sdk=iphonesimulator*]" = "";
				GCC_C_LANGUAGE_STANDARD = gnu99;
				GCC_NO_COMMON_BLOCKS = YES;
				GCC_WARN_64_TO_32_BIT_CONVERSION = YES;
				GCC_WARN_ABOUT_RETURN_TYPE = YES_ERROR;
				GCC_WARN_UNDECLARED_SELECTOR = YES;
				GCC_WARN_UNINITIALIZED_AUTOS = YES_AGGRESSIVE;
				GCC_WARN_UNUSED_FUNCTION = YES;
				GCC_WARN_UNUSED_VARIABLE = YES;
				IPHONEOS_DEPLOYMENT_TARGET = 11.0;
				LD_RUNPATH_SEARCH_PATHS = (
					/usr/lib/swift,
					"$(inherited)",
				);
				LIBRARY_SEARCH_PATHS = (
					"\"$(SDKROOT)/usr/lib/swift\"",
					"\"$(TOOLCHAIN_DIR)/usr/lib/swift/$(PLATFORM_NAME)\"",
					"\"$(inherited)\"",
				);
				MTL_ENABLE_DEBUG_INFO = NO;
				SDKROOT = iphoneos;
				VALIDATE_PRODUCT = YES;
			};
			name = Release;
		};
/* End XCBuildConfiguration section */

/* Begin XCConfigurationList section */
		00E357021AD99517003FC87E /* Build configuration list for PBXNativeTarget "TextNGTests" */ = {
			isa = XCConfigurationList;
			buildConfigurations = (
				00E356F61AD99517003FC87E /* Debug */,
				00E356F71AD99517003FC87E /* Release */,
			);
			defaultConfigurationIsVisible = 0;
			defaultConfigurationName = Release;
		};
		13B07F931A680F5B00A75B9A /* Build configuration list for PBXNativeTarget "TextNG" */ = {
			isa = XCConfigurationList;
			buildConfigurations = (
				13B07F941A680F5B00A75B9A /* Debug */,
				13B07F951A680F5B00A75B9A /* Release */,
			);
			defaultConfigurationIsVisible = 0;
			defaultConfigurationName = Release;
		};
		83CBB9FA1A601CBA00E9B192 /* Build configuration list for PBXProject "TextNG" */ = {
			isa = XCConfigurationList;
			buildConfigurations = (
				83CBBA201A601CBA00E9B192 /* Debug */,
				83CBBA211A601CBA00E9B192 /* Release */,
			);
			defaultConfigurationIsVisible = 0;
			defaultConfigurationName = Release;
		};
/* End XCConfigurationList section */
	};
	rootObject = 83CBB9F71A601CBA00E9B192 /* Project object */;
}
